{
    "_readme": [
        "This file locks the dependencies of your project to a known state",
        "Read more about it at https://getcomposer.org/doc/01-basic-usage.md#installing-dependencies",
        "This file is @generated automatically"
    ],
    "content-hash": "bca72b64bb1f83a4d8ef431cef5d2635",
    "packages": [
        {
            "name": "cartrabbit/request-helper",
            "version": "dev-main",
            "source": {
                "type": "git",
                "url": "https://github.com/wprelay/request-helper.git",
                "reference": "3d97e4eea32cb2c547180c8a301791ac6ff22820"
            },
            "dist": {
                "type": "zip",
                "url": "https://api.github.com/repos/wprelay/request-helper/zipball/3d97e4eea32cb2c547180c8a301791ac6ff22820",
                "reference": "3d97e4eea32cb2c547180c8a301791ac6ff22820",
                "shasum": ""
            },
            "require": {
                "vlucas/valitron": "^1.4"
            },
            "default-branch": true,
            "type": "library",
            "autoload": {
                "psr-4": {
                    "Cartrabbit\\Request\\": "src/"
                }
            },
            "authors": [
                {
                    "name": "benitto raj",
                    "email": "benittobeny34@gmail.com"
                }
            ],
            "description": "Request class Wrapper with Validation",
            "support": {
                "source": "https://github.com/wprelay/request-helper/tree/main",
                "issues": "https://github.com/wprelay/request-helper/issues"
            },
            "time": "2024-11-06T12:01:55+00:00"
        },
        {
            "name": "vlucas/valitron",
            "version": "v1.4.11",
            "source": {
                "type": "git",
                "url": "https://github.com/vlucas/valitron.git",
                "reference": "fadce39f5f235755bb9794b2573af2d5bfcba85f"
            },
            "dist": {
                "type": "zip",
                "url": "https://api.github.com/repos/vlucas/valitron/zipball/fadce39f5f235755bb9794b2573af2d5bfcba85f",
                "reference": "fadce39f5f235755bb9794b2573af2d5bfcba85f",
                "shasum": ""
            },
            "require": {
                "php": ">=5.3.2"
            },
            "require-dev": {
                "phpunit/phpunit": ">=4.8.35"
            },
            "suggest": {
                "ext-mbstring": "It can support the multiple bytes string length."
            },
            "type": "library",
            "autoload": {
                "psr-4": {
                    "Valitron\\": "src/Valitron"
                }
            },
            "notification-url": "https://packagist.org/downloads/",
            "license": [
                "BSD-3-Clause"
            ],
            "authors": [
                {
                    "name": "Vance Lucas",
                    "email": "vance@vancelucas.com",
                    "homepage": "https://www.vancelucas.com"
                }
            ],
            "description": "Simple, elegant, stand-alone validation library with NO dependencies",
            "homepage": "https://github.com/vlucas/valitron",
            "keywords": [
                "valid",
                "validation",
                "validator"
            ],
            "support": {
                "issues": "https://github.com/vlucas/valitron/issues",
                "source": "https://github.com/vlucas/valitron/tree/v1.4.11"
            },
            "funding": [
                {
                    "url": "https://tidelift.com/funding/github/packagist/vlucas/valitron",
                    "type": "tidelift"
                }
            ],
            "time": "2022-10-14T11:54:24+00:00"
        },
        {
            "name": "yahnis-elsts/plugin-update-checker",
            "version": "v5.5",
            "source": {
                "type": "git",
                "url": "https://github.com/YahnisElsts/plugin-update-checker.git",
                "reference": "845d65da93bcff31649ede00d9d73b1beadbb7f0"
            },
            "dist": {
                "type": "zip",
                "url": "https://api.github.com/repos/YahnisElsts/plugin-update-checker/zipball/845d65da93bcff31649ede00d9d73b1beadbb7f0",
                "reference": "845d65da93bcff31649ede00d9d73b1beadbb7f0",
                "shasum": ""
            },
            "require": {
                "ext-json": "*",
                "php": ">=5.6.20"
            },
            "type": "library",
            "autoload": {
                "files": [
                    "load-v5p5.php"
                ]
            },
            "notification-url": "https://packagist.org/downloads/",
            "license": [
                "MIT"
            ],
            "authors": [
                {
                    "name": "Yahnis Elsts",
                    "email": "whiteshadow@w-shadow.com",
                    "homepage": "https://w-shadow.com/",
                    "role": "Developer"
                }
            ],
            "description": "A custom update checker for WordPress plugins and themes. Useful if you can't host your plugin in the official WP repository but still want it to support automatic updates.",
            "homepage": "https://github.com/YahnisElsts/plugin-update-checker/",
            "keywords": [
                "automatic updates",
                "plugin updates",
                "theme updates",
                "wordpress"
            ],
            "support": {
                "issues": "https://github.com/YahnisElsts/plugin-update-checker/issues",
                "source": "https://github.com/YahnisElsts/plugin-update-checker/tree/v5.5"
            },
            "time": "2024-10-16T14:25:00+00:00"
        }
    ],
    "packages-dev": [],
    "aliases": [],
    "minimum-stability": "stable",
    "stability-flags": {
        "cartrabbit/request-helper": 20
    },
    "prefer-stable": false,
    "prefer-lowest": false,
    "platform": {},
    "platform-dev": {},
    "plugin-api-version": "2.6.0"
}
